
Microsoft Visual Studio Solution File, Format Version 12.00
# Visual Studio Version 17
VisualStudioVersion = 17.11.35222.181
MinimumVisualStudioVersion = 10.0.40219.1
Project("{2150E333-8FDC-42A3-9474-1A3956D46DE8}") = "TSI.Nexus.WebAPI", "TSI.Nexus.WebAPI", "{47F6532D-D78E-4C9D-82D4-8CD1FB1613BD}"
EndProject
Project("{9A19103F-16F7-4668-BE54-9A1E7A4F7556}") = "TSI.Nexus.WebAPI", "TSI.Nexus.WebAPI\src\TSI.Nexus.WebAPI\TSI.Nexus.WebAPI.csproj", "{FDEE635A-BFB9-45B8-8850-ACC4193783E5}"
EndProject
Project("{9A19103F-16F7-4668-BE54-9A1E7A4F7556}") = "TSI.Nexus.WebAPI.Tests", "TSI.Nexus.WebAPI\tests\TSI.Nexus.WebAPI.Tests\TSI.Nexus.WebAPI.Tests.csproj", "{A3809196-EB3D-4AD3-9CFF-3567C6DBC7EB}"
EndProject
Project("{2150E333-8FDC-42A3-9474-1A3956D46DE8}") = "TSI.Nexus.Data", "TSI.Nexus.Data", "{1C68BFE1-B500-4527-B83C-270F17FD2161}"
EndProject
Project("{9A19103F-16F7-4668-BE54-9A1E7A4F7556}") = "TSI.Nexus.Data", "TSI.Nexus.Data\src\TSI.Nexus.Data\TSI.Nexus.Data.csproj", "{F53AAE21-C45D-43CB-B11D-B72B202BAF23}"
EndProject
Project("{9A19103F-16F7-4668-BE54-9A1E7A4F7556}") = "TSI.Nexus.Data.Tests", "TSI.Nexus.Data\tests\TSI.Nexus.Data.Tests\TSI.Nexus.Data.Tests.csproj", "{86975BD1-A185-4554-9EEE-636227C68147}"
EndProject
Project("{2150E333-8FDC-42A3-9474-1A3956D46DE8}") = "TSI.Nexus.Contracts", "TSI.Nexus.Contracts", "{BC554D7C-7DE5-47D8-8FE0-BD1923EE4398}"
EndProject
Project("{9A19103F-16F7-4668-BE54-9A1E7A4F7556}") = "TSI.Nexus.Contracts", "TSI.Nexus.Contracts\src\TSI.Nexus.Contracts\TSI.Nexus.Contracts.csproj", "{6E40549F-32C6-4BEA-9F2C-C656CBEE6B34}"
EndProject
Project("{9A19103F-16F7-4668-BE54-9A1E7A4F7556}") = "TSI.Nexus.Contracts.Tests", "TSI.Nexus.Contracts\tests\TSI.Nexus.Contracts.Tests\TSI.Nexus.Contracts.Tests.csproj", "{E4076FC1-DBE2-4B29-82DD-01DC04694AB0}"
EndProject
Project("{2150E333-8FDC-42A3-9474-1A3956D46DE8}") = "TSI.Nexus.IoC", "TSI.Nexus.IoC", "{5C8B8139-3139-44C3-A9BA-29D70330622B}"
EndProject
Project("{FAE04EC0-301F-11D3-BF4B-00C04F79EFBC}") = "TSI.Nexus.IoC", "TSI.Nexus.IoC\src\TSI.Nexus.IoC\TSI.Nexus.IoC.csproj", "{22F39031-28E3-4C44-8CD6-43390D8FE50D}"
EndProject
Project("{FAE04EC0-301F-11D3-BF4B-00C04F79EFBC}") = "TSI.Nexus.IoC.Tests", "TSI.Nexus.IoC\tests\TSI.Nexus.IoC.Tests\TSI.Nexus.IoC.Tests.csproj", "{A81F98F3-4D47-4BD8-BACA-6C40A604300A}"
EndProject
Project("{2150E333-8FDC-42A3-9474-1A3956D46DE8}") = "TSI.Nexus.Repository", "TSI.Nexus.Repository", "{9AEB94F5-36EF-49AA-B8B0-24223EFC3134}"
EndProject
Project("{FAE04EC0-301F-11D3-BF4B-00C04F79EFBC}") = "TSI.Nexus.Repository", "TSI.Nexus.Repository\src\TSI.Nexus.Repository\TSI.Nexus.Repository.csproj", "{8CFF80FD-D6CF-41D5-8711-4C9D8710FC33}"
EndProject
Project("{FAE04EC0-301F-11D3-BF4B-00C04F79EFBC}") = "TSI.Nexus.Repository.Tests", "TSI.Nexus.Repository\tests\TSI.Nexus.Repository.Tests\TSI.Nexus.Repository.Tests.csproj", "{7B630882-F031-4ABF-9E0C-C950908D4A67}"
EndProject
Project("{2150E333-8FDC-42A3-9474-1A3956D46DE8}") = "TSI.Nexus.Services", "TSI.Nexus.Services", "{2AFB41F3-34B5-41CD-84B8-1382F7A4651B}"
EndProject
Project("{FAE04EC0-301F-11D3-BF4B-00C04F79EFBC}") = "TSI.Nexus.Services", "TSI.Nexus.Services\src\TSI.Nexus.Services\TSI.Nexus.Services.csproj", "{63510D1A-9E72-443E-AF6A-7F71581A88C4}"
EndProject
Project("{FAE04EC0-301F-11D3-BF4B-00C04F79EFBC}") = "TSI.Nexus.Services.Tests", "TSI.Nexus.Services\tests\TSI.Nexus.Services.Tests\TSI.Nexus.Services.Tests.csproj", "{EDD509D7-A2BD-4B32-B5A3-1846753207DB}"
EndProject
Global
	GlobalSection(SolutionConfigurationPlatforms) = preSolution
		Debug|Any CPU = Debug|Any CPU
		Release|Any CPU = Release|Any CPU
	EndGlobalSection
	GlobalSection(ProjectConfigurationPlatforms) = postSolution
		{FDEE635A-BFB9-45B8-8850-ACC4193783E5}.Debug|Any CPU.ActiveCfg = Debug|Any CPU
		{FDEE635A-BFB9-45B8-8850-ACC4193783E5}.Debug|Any CPU.Build.0 = Debug|Any CPU
		{FDEE635A-BFB9-45B8-8850-ACC4193783E5}.Release|Any CPU.ActiveCfg = Release|Any CPU
		{FDEE635A-BFB9-45B8-8850-ACC4193783E5}.Release|Any CPU.Build.0 = Release|Any CPU
		{A3809196-EB3D-4AD3-9CFF-3567C6DBC7EB}.Debug|Any CPU.ActiveCfg = Debug|Any CPU
		{A3809196-EB3D-4AD3-9CFF-3567C6DBC7EB}.Debug|Any CPU.Build.0 = Debug|Any CPU
		{A3809196-EB3D-4AD3-9CFF-3567C6DBC7EB}.Release|Any CPU.ActiveCfg = Release|Any CPU
		{A3809196-EB3D-4AD3-9CFF-3567C6DBC7EB}.Release|Any CPU.Build.0 = Release|Any CPU
		{F53AAE21-C45D-43CB-B11D-B72B202BAF23}.Debug|Any CPU.ActiveCfg = Debug|Any CPU
		{F53AAE21-C45D-43CB-B11D-B72B202BAF23}.Debug|Any CPU.Build.0 = Debug|Any CPU
		{F53AAE21-C45D-43CB-B11D-B72B202BAF23}.Release|Any CPU.ActiveCfg = Release|Any CPU
		{F53AAE21-C45D-43CB-B11D-B72B202BAF23}.Release|Any CPU.Build.0 = Release|Any CPU
		{86975BD1-A185-4554-9EEE-636227C68147}.Debug|Any CPU.ActiveCfg = Debug|Any CPU
		{86975BD1-A185-4554-9EEE-636227C68147}.Debug|Any CPU.Build.0 = Debug|Any CPU
		{86975BD1-A185-4554-9EEE-636227C68147}.Release|Any CPU.ActiveCfg = Release|Any CPU
		{86975BD1-A185-4554-9EEE-636227C68147}.Release|Any CPU.Build.0 = Release|Any CPU
		{6E40549F-32C6-4BEA-9F2C-C656CBEE6B34}.Debug|Any CPU.ActiveCfg = Debug|Any CPU
		{6E40549F-32C6-4BEA-9F2C-C656CBEE6B34}.Debug|Any CPU.Build.0 = Debug|Any CPU
		{6E40549F-32C6-4BEA-9F2C-C656CBEE6B34}.Release|Any CPU.ActiveCfg = Release|Any CPU
		{6E40549F-32C6-4BEA-9F2C-C656CBEE6B34}.Release|Any CPU.Build.0 = Release|Any CPU
		{E4076FC1-DBE2-4B29-82DD-01DC04694AB0}.Debug|Any CPU.ActiveCfg = Debug|Any CPU
		{E4076FC1-DBE2-4B29-82DD-01DC04694AB0}.Debug|Any CPU.Build.0 = Debug|Any CPU
		{E4076FC1-DBE2-4B29-82DD-01DC04694AB0}.Release|Any CPU.ActiveCfg = Release|Any CPU
		{E4076FC1-DBE2-4B29-82DD-01DC04694AB0}.Release|Any CPU.Build.0 = Release|Any CPU
		{22F39031-28E3-4C44-8CD6-43390D8FE50D}.Debug|Any CPU.ActiveCfg = Debug|Any CPU
		{22F39031-28E3-4C44-8CD6-43390D8FE50D}.Debug|Any CPU.Build.0 = Debug|Any CPU
		{22F39031-28E3-4C44-8CD6-43390D8FE50D}.Release|Any CPU.ActiveCfg = Release|Any CPU
		{22F39031-28E3-4C44-8CD6-43390D8FE50D}.Release|Any CPU.Build.0 = Release|Any CPU
		{A81F98F3-4D47-4BD8-BACA-6C40A604300A}.Debug|Any CPU.ActiveCfg = Debug|Any CPU
		{A81F98F3-4D47-4BD8-BACA-6C40A604300A}.Debug|Any CPU.Build.0 = Debug|Any CPU
		{A81F98F3-4D47-4BD8-BACA-6C40A604300A}.Release|Any CPU.ActiveCfg = Release|Any CPU
		{A81F98F3-4D47-4BD8-BACA-6C40A604300A}.Release|Any CPU.Build.0 = Release|Any CPU
		{8CFF80FD-D6CF-41D5-8711-4C9D8710FC33}.Debug|Any CPU.ActiveCfg = Debug|Any CPU
		{8CFF80FD-D6CF-41D5-8711-4C9D8710FC33}.Debug|Any CPU.Build.0 = Debug|Any CPU
		{8CFF80FD-D6CF-41D5-8711-4C9D8710FC33}.Release|Any CPU.ActiveCfg = Release|Any CPU
		{8CFF80FD-D6CF-41D5-8711-4C9D8710FC33}.Release|Any CPU.Build.0 = Release|Any CPU
		{7B630882-F031-4ABF-9E0C-C950908D4A67}.Debug|Any CPU.ActiveCfg = Debug|Any CPU
		{7B630882-F031-4ABF-9E0C-C950908D4A67}.Debug|Any CPU.Build.0 = Debug|Any CPU
		{7B630882-F031-4ABF-9E0C-C950908D4A67}.Release|Any CPU.ActiveCfg = Release|Any CPU
		{7B630882-F031-4ABF-9E0C-C950908D4A67}.Release|Any CPU.Build.0 = Release|Any CPU
		{63510D1A-9E72-443E-AF6A-7F71581A88C4}.Debug|Any CPU.ActiveCfg = Debug|Any CPU
		{63510D1A-9E72-443E-AF6A-7F71581A88C4}.Debug|Any CPU.Build.0 = Debug|Any CPU
		{63510D1A-9E72-443E-AF6A-7F71581A88C4}.Release|Any CPU.ActiveCfg = Release|Any CPU
		{63510D1A-9E72-443E-AF6A-7F71581A88C4}.Release|Any CPU.Build.0 = Release|Any CPU
		{EDD509D7-A2BD-4B32-B5A3-1846753207DB}.Debug|Any CPU.ActiveCfg = Debug|Any CPU
		{EDD509D7-A2BD-4B32-B5A3-1846753207DB}.Debug|Any CPU.Build.0 = Debug|Any CPU
		{EDD509D7-A2BD-4B32-B5A3-1846753207DB}.Release|Any CPU.ActiveCfg = Release|Any CPU
		{EDD509D7-A2BD-4B32-B5A3-1846753207DB}.Release|Any CPU.Build.0 = Release|Any CPU
	EndGlobalSection
	GlobalSection(SolutionProperties) = preSolution
		HideSolutionNode = FALSE
	EndGlobalSection
	GlobalSection(NestedProjects) = preSolution
		{FDEE635A-BFB9-45B8-8850-ACC4193783E5} = {47F6532D-D78E-4C9D-82D4-8CD1FB1613BD}
		{A3809196-EB3D-4AD3-9CFF-3567C6DBC7EB} = {47F6532D-D78E-4C9D-82D4-8CD1FB1613BD}
		{F53AAE21-C45D-43CB-B11D-B72B202BAF23} = {1C68BFE1-B500-4527-B83C-270F17FD2161}
		{86975BD1-A185-4554-9EEE-636227C68147} = {1C68BFE1-B500-4527-B83C-270F17FD2161}
		{6E40549F-32C6-4BEA-9F2C-C656CBEE6B34} = {BC554D7C-7DE5-47D8-8FE0-BD1923EE4398}
		{E4076FC1-DBE2-4B29-82DD-01DC04694AB0} = {BC554D7C-7DE5-47D8-8FE0-BD1923EE4398}
		{22F39031-28E3-4C44-8CD6-43390D8FE50D} = {5C8B8139-3139-44C3-A9BA-29D70330622B}
		{A81F98F3-4D47-4BD8-BACA-6C40A604300A} = {5C8B8139-3139-44C3-A9BA-29D70330622B}
		{8CFF80FD-D6CF-41D5-8711-4C9D8710FC33} = {9AEB94F5-36EF-49AA-B8B0-24223EFC3134}
		{7B630882-F031-4ABF-9E0C-C950908D4A67} = {9AEB94F5-36EF-49AA-B8B0-24223EFC3134}
		{63510D1A-9E72-443E-AF6A-7F71581A88C4} = {2AFB41F3-34B5-41CD-84B8-1382F7A4651B}
		{EDD509D7-A2BD-4B32-B5A3-1846753207DB} = {2AFB41F3-34B5-41CD-84B8-1382F7A4651B}
	EndGlobalSection
	GlobalSection(ExtensibilityGlobals) = postSolution
		SolutionGuid = {85C403DD-5A9F-44C1-8AD5-2882E04F14A3}
	EndGlobalSection
EndGlobal
